// !$*UTF8*$!
{
	archiveVersion = 1;
	classes = {
	};
	objectVersion = 50;
	objects = {

/* Begin PBXBuildFile section */
		7046AA2D2534FAB400119047 /* AppDelegate.swift in Sources */ = {isa = PBXBuildFile; fileRef = 7046AA2C2534FAB400119047 /* AppDelegate.swift */; };
		7046AA2F2534FAB400119047 /* SceneDelegate.swift in Sources */ = {isa = PBXBuildFile; fileRef = 7046AA2E2534FAB400119047 /* SceneDelegate.swift */; };
		7046AA312534FAB400119047 /* ViewController.swift in Sources */ = {isa = PBXBuildFile; fileRef = 7046AA302534FAB400119047 /* ViewController.swift */; };
		7046AA342534FAB400119047 /* Main.storyboard in Resources */ = {isa = PBXBuildFile; fileRef = 7046AA322534FAB400119047 /* Main.storyboard */; };
		7046AA362534FAB600119047 /* Assets.xcassets in Resources */ = {isa = PBXBuildFile; fileRef = 7046AA352534FAB600119047 /* Assets.xcassets */; };
		7046AA392534FAB600119047 /* LaunchScreen.storyboard in Resources */ = {isa = PBXBuildFile; fileRef = 7046AA372534FAB600119047 /* LaunchScreen.storyboard */; };
		7046AA472535049C00119047 /* Colors.xcassets in Resources */ = {isa = PBXBuildFile; fileRef = 7046AA462535049C00119047 /* Colors.xcassets */; };
		7046AA4B2535063400119047 /* StyleGuide.swift in Sources */ = {isa = PBXBuildFile; fileRef = 7046AA4A2535063400119047 /* StyleGuide.swift */; };
		7046AA50253507EE00119047 /* CustomButtons.swift in Sources */ = {isa = PBXBuildFile; fileRef = 7046AA4F253507EE00119047 /* CustomButtons.swift */; };
		7046AA53253507FF00119047 /* CustomLabels.swift in Sources */ = {isa = PBXBuildFile; fileRef = 7046AA52253507FF00119047 /* CustomLabels.swift */; };
		7046AA562535081100119047 /* CustomTextFields.swift in Sources */ = {isa = PBXBuildFile; fileRef = 7046AA552535081100119047 /* CustomTextFields.swift */; };
		7046AA5925350ACF00119047 /* CustomTextView.swift in Sources */ = {isa = PBXBuildFile; fileRef = 7046AA5825350ACF00119047 /* CustomTextView.swift */; };
/* End PBXBuildFile section */

/* Begin PBXFileReference section */
		7046AA292534FAB400119047 /* TipCalculator.app */ = {isa = PBXFileReference; explicitFileType = wrapper.application; includeInIndex = 0; path = TipCalculator.app; sourceTree = BUILT_PRODUCTS_DIR; };
		7046AA2C2534FAB400119047 /* AppDelegate.swift */ = {isa = PBXFileReference; lastKnownFileType = sourcecode.swift; path = AppDelegate.swift; sourceTree = "<group>"; };
		7046AA2E2534FAB400119047 /* SceneDelegate.swift */ = {isa = PBXFileReference; lastKnownFileType = sourcecode.swift; path = SceneDelegate.swift; sourceTree = "<group>"; };
		7046AA302534FAB400119047 /* ViewController.swift */ = {isa = PBXFileReference; lastKnownFileType = sourcecode.swift; path = ViewController.swift; sourceTree = "<group>"; };
		7046AA332534FAB400119047 /* Base */ = {isa = PBXFileReference; lastKnownFileType = file.storyboard; name = Base; path = Base.lproj/Main.storyboard; sourceTree = "<group>"; };
		7046AA352534FAB600119047 /* Assets.xcassets */ = {isa = PBXFileReference; lastKnownFileType = folder.assetcatalog; path = Assets.xcassets; sourceTree = "<group>"; };
		7046AA382534FAB600119047 /* Base */ = {isa = PBXFileReference; lastKnownFileType = file.storyboard; name = Base; path = Base.lproj/LaunchScreen.storyboard; sourceTree = "<group>"; };
		7046AA3A2534FAB600119047 /* Info.plist */ = {isa = PBXFileReference; lastKnownFileType = text.plist.xml; path = Info.plist; sourceTree = "<group>"; };
		7046AA462535049C00119047 /* Colors.xcassets */ = {isa = PBXFileReference; lastKnownFileType = folder.assetcatalog; path = Colors.xcassets; sourceTree = "<group>"; };
		7046AA4A2535063400119047 /* StyleGuide.swift */ = {isa = PBXFileReference; lastKnownFileType = sourcecode.swift; path = StyleGuide.swift; sourceTree = "<group>"; };
		7046AA4F253507EE00119047 /* CustomButtons.swift */ = {isa = PBXFileReference; lastKnownFileType = sourcecode.swift; path = CustomButtons.swift; sourceTree = "<group>"; };
		7046AA52253507FF00119047 /* CustomLabels.swift */ = {isa = PBXFileReference; lastKnownFileType = sourcecode.swift; path = CustomLabels.swift; sourceTree = "<group>"; };
		7046AA552535081100119047 /* CustomTextFields.swift */ = {isa = PBXFileReference; lastKnownFileType = sourcecode.swift; path = CustomTextFields.swift; sourceTree = "<group>"; };
		7046AA5825350ACF00119047 /* CustomTextView.swift */ = {isa = PBXFileReference; lastKnownFileType = sourcecode.swift; path = CustomTextView.swift; sourceTree = "<group>"; };
/* End PBXFileReference section */

/* Begin PBXFrameworksBuildPhase section */
		7046AA262534FAB400119047 /* Frameworks */ = {
			isa = PBXFrameworksBuildPhase;
			buildActionMask = 2147483647;
			files = (
			);
			runOnlyForDeploymentPostprocessing = 0;
		};
/* End PBXFrameworksBuildPhase section */

/* Begin PBXGroup section */
		7046AA202534FAB400119047 = {
			isa = PBXGroup;
			children = (
				7046AA2B2534FAB400119047 /* TipCalculator */,
				7046AA2A2534FAB400119047 /* Products */,
			);
			sourceTree = "<group>";
		};
		7046AA2A2534FAB400119047 /* Products */ = {
			isa = PBXGroup;
			children = (
				7046AA292534FAB400119047 /* TipCalculator.app */,
			);
			name = Products;
			sourceTree = "<group>";
		};
		7046AA2B2534FAB400119047 /* TipCalculator */ = {
			isa = PBXGroup;
			children = (
				7046AA4E253507D700119047 /* CustomLabelsButtonsAndTextFields */,
				7046AA492535061C00119047 /* Extensions */,
				7046AA412534FAD800119047 /* Resources */,
				7046AA302534FAB400119047 /* ViewController.swift */,
				7046AA442535027E00119047 /* Storyboards */,
			);
			path = TipCalculator;
			sourceTree = "<group>";
		};
		7046AA412534FAD800119047 /* Resources */ = {
			isa = PBXGroup;
			children = (
				7046AA2C2534FAB400119047 /* AppDelegate.swift */,
				7046AA2E2534FAB400119047 /* SceneDelegate.swift */,
				7046AA352534FAB600119047 /* Assets.xcassets */,
				7046AA372534FAB600119047 /* LaunchScreen.storyboard */,
				7046AA3A2534FAB600119047 /* Info.plist */,
				7046AA462535049C00119047 /* Colors.xcassets */,
			);
			path = Resources;
			sourceTree = "<group>";
		};
		7046AA442535027E00119047 /* Storyboards */ = {
			isa = PBXGroup;
			children = (
				7046AA322534FAB400119047 /* Main.storyboard */,
			);
			path = Storyboards;
			sourceTree = "<group>";
		};
		7046AA492535061C00119047 /* Extensions */ = {
			isa = PBXGroup;
			children = (
				7046AA4A2535063400119047 /* StyleGuide.swift */,
			);
			path = Extensions;
			sourceTree = "<group>";
		};
		7046AA4E253507D700119047 /* CustomLabelsButtonsAndTextFields */ = {
			isa = PBXGroup;
			children = (
				7046AA4F253507EE00119047 /* CustomButtons.swift */,
				7046AA52253507FF00119047 /* CustomLabels.swift */,
				7046AA552535081100119047 /* CustomTextFields.swift */,
				7046AA5825350ACF00119047 /* CustomTextView.swift */,
			);
			path = CustomLabelsButtonsAndTextFields;
			sourceTree = "<group>";
		};
/* End PBXGroup section */

/* Begin PBXNativeTarget section */
		7046AA282534FAB400119047 /* TipCalculator */ = {
			isa = PBXNativeTarget;
			buildConfigurationList = 7046AA3D2534FAB600119047 /* Build configuration list for PBXNativeTarget "TipCalculator" */;
			buildPhases = (
				7046AA252534FAB400119047 /* Sources */,
				7046AA262534FAB400119047 /* Frameworks */,
				7046AA272534FAB400119047 /* Resources */,
			);
			buildRules = (
			);
			dependencies = (
			);
			name = TipCalculator;
			productName = TipCalculator;
			productReference = 7046AA292534FAB400119047 /* TipCalculator.app */;
			productType = "com.apple.product-type.application";
		};
/* End PBXNativeTarget section */

/* Begin PBXProject section */
		7046AA212534FAB400119047 /* Project object */ = {
			isa = PBXProject;
			attributes = {
				LastSwiftUpdateCheck = 1200;
				LastUpgradeCheck = 1200;
				TargetAttributes = {
					7046AA282534FAB400119047 = {
						CreatedOnToolsVersion = 12.0.1;
					};
				};
			};
			buildConfigurationList = 7046AA242534FAB400119047 /* Build configuration list for PBXProject "TipCalculator" */;
			compatibilityVersion = "Xcode 9.3";
			developmentRegion = en;
			hasScannedForEncodings = 0;
			knownRegions = (
				en,
				Base,
			);
			mainGroup = 7046AA202534FAB400119047;
			productRefGroup = 7046AA2A2534FAB400119047 /* Products */;
			projectDirPath = "";
			projectRoot = "";
			targets = (
				7046AA282534FAB400119047 /* TipCalculator */,
			);
		};
/* End PBXProject section */

/* Begin PBXResourcesBuildPhase section */
		7046AA272534FAB400119047 /* Resources */ = {
			isa = PBXResourcesBuildPhase;
			buildActionMask = 2147483647;
			files = (
				7046AA392534FAB600119047 /* LaunchScreen.storyboard in Resources */,
				7046AA472535049C00119047 /* Colors.xcassets in Resources */,
				7046AA362534FAB600119047 /* Assets.xcassets in Resources */,
				7046AA342534FAB400119047 /* Main.storyboard in Resources */,
			);
			runOnlyForDeploymentPostprocessing = 0;
		};
/* End PBXResourcesBuildPhase section */

/* Begin PBXSourcesBuildPhase section */
		7046AA252534FAB400119047 /* Sources */ = {
			isa = PBXSourcesBuildPhase;
			buildActionMask = 2147483647;
			files = (
				7046AA312534FAB400119047 /* ViewController.swift in Sources */,
				7046AA562535081100119047 /* CustomTextFields.swift in Sources */,
				7046AA5925350ACF00119047 /* CustomTextView.swift in Sources */,
				7046AA2D2534FAB400119047 /* AppDelegate.swift in Sources */,
				7046AA4B2535063400119047 /* StyleGuide.swift in Sources */,
				7046AA2F2534FAB400119047 /* SceneDelegate.swift in Sources */,
				7046AA50253507EE00119047 /* CustomButtons.swift in Sources */,
				7046AA53253507FF00119047 /* CustomLabels.swift in Sources */,
			);
			runOnlyForDeploymentPostprocessing = 0;
		};
/* End PBXSourcesBuildPhase section */

/* Begin PBXVariantGroup section */
		7046AA322534FAB400119047 /* Main.storyboard */ = {
			isa = PBXVariantGroup;
			children = (
				7046AA332534FAB400119047 /* Base */,
			);
			name = Main.storyboard;
			sourceTree = "<group>";
		};
		7046AA372534FAB600119047 /* LaunchScreen.storyboard */ = {
			isa = PBXVariantGroup;
			children = (
				7046AA382534FAB600119047 /* Base */,
			);
			name = LaunchScreen.storyboard;
			sourceTree = "<group>";
		};
/* End PBXVariantGroup section */

/* Begin XCBuildConfiguration section */
		7046AA3B2534FAB600119047 /* Debug */ = {
			isa = XCBuildConfiguration;
			buildSettings = {
				ALWAYS_SEARCH_USER_PATHS = NO;
				CLANG_ANALYZER_NONNULL = YES;
				CLANG_ANALYZER_NUMBER_OBJECT_CONVERSION = YES_AGGRESSIVE;
				CLANG_CXX_LANGUAGE_STANDARD = "gnu++14";
				CLANG_CXX_LIBRARY = "libc++";
				CLANG_ENABLE_MODULES = YES;
				CLANG_ENABLE_OBJC_ARC = YES;
				CLANG_ENABLE_OBJC_WEAK = YES;
				CLANG_WARN_BLOCK_CAPTURE_AUTORELEASING = YES;
				CLANG_WARN_BOOL_CONVERSION = YES;
				CLANG_WARN_COMMA = YES;
				CLANG_WARN_CONSTANT_CONVERSION = YES;
				CLANG_WARN_DEPRECATED_OBJC_IMPLEMENTATIONS = YES;
				CLANG_WARN_DIRECT_OBJC_ISA_USAGE = YES_ERROR;
				CLANG_WARN_DOCUMENTATION_COMMENTS = YES;
				CLANG_WARN_EMPTY_BODY = YES;
				CLANG_WARN_ENUM_CONVERSION = YES;
				CLANG_WARN_INFINITE_RECURSION = YES;
				CLANG_WARN_INT_CONVERSION = YES;
				CLANG_WARN_NON_LITERAL_NULL_CONVERSION = YES;
				CLANG_WARN_OBJC_IMPLICIT_RETAIN_SELF = YES;
				CLANG_WARN_OBJC_LITERAL_CONVERSION = YES;
				CLANG_WARN_OBJC_ROOT_CLASS = YES_ERROR;
				CLANG_WARN_QUOTED_INCLUDE_IN_FRAMEWORK_HEADER = YES;
				CLANG_WARN_RANGE_LOOP_ANALYSIS = YES;
				CLANG_WARN_STRICT_PROTOTYPES = YES;
				CLANG_WARN_SUSPICIOUS_MOVE = YES;
				CLANG_WARN_UNGUARDED_AVAILABILITY = YES_AGGRESSIVE;
				CLANG_WARN_UNREACHABLE_CODE = YES;
				CLANG_WARN__DUPLICATE_METHOD_MATCH = YES;
				COPY_PHASE_STRIP = NO;
				DEBUG_INFORMATION_FORMAT = dwarf;
				ENABLE_STRICT_OBJC_MSGSEND = YES;
				ENABLE_TESTABILITY = YES;
				GCC_C_LANGUAGE_STANDARD = gnu11;
				GCC_DYNAMIC_NO_PIC = NO;
				GCC_NO_COMMON_BLOCKS = YES;
				GCC_OPTIMIZATION_LEVEL = 0;
				GCC_PREPROCESSOR_DEFINITIONS = (
					"DEBUG=1",
					"$(inherited)",
				);
				GCC_WARN_64_TO_32_BIT_CONVERSION = YES;
				GCC_WARN_ABOUT_RETURN_TYPE = YES_ERROR;
				GCC_WARN_UNDECLARED_SELECTOR = YES;
				GCC_WARN_UNINITIALIZED_AUTOS = YES_AGGRESSIVE;
				GCC_WARN_UNUSED_FUNCTION = YES;
				GCC_WARN_UNUSED_VARIABLE = YES;
				IPHONEOS_DEPLOYMENT_TARGET = 14.0;
				MTL_ENABLE_DEBUG_INFO = INCLUDE_SOURCE;
				MTL_FAST_MATH = YES;
				ONLY_ACTIVE_ARCH = YES;
				SDKROOT = iphoneos;
				SWIFT_ACTIVE_COMPILATION_CONDITIONS = DEBUG;
				SWIFT_OPTIMIZATION_LEVEL = "-Onone";
			};
			name = Debug;
		};
		7046AA3C2534FAB600119047 /* Release */ = {
			isa = XCBuildConfiguration;
			buildSettings = {
				ALWAYS_SEARCH_USER_PATHS = NO;
				CLANG_ANALYZER_NONNULL = YES;
				CLANG_ANALYZER_NUMBER_OBJECT_CONVERSION = YES_AGGRESSIVE;
				CLANG_CXX_LANGUAGE_STANDARD = "gnu++14";
				CLANG_CXX_LIBRARY = "libc++";
				CLANG_ENABLE_MODULES = YES;
				CLANG_ENABLE_OBJC_ARC = YES;
				CLANG_ENABLE_OBJC_WEAK = YES;
				CLANG_WARN_BLOCK_CAPTURE_AUTORELEASING = YES;
				CLANG_WARN_BOOL_CONVERSION = YES;
				CLANG_WARN_COMMA = YES;
				CLANG_WARN_CONSTANT_CONVERSION = YES;
				CLANG_WARN_DEPRECATED_OBJC_IMPLEMENTATIONS = YES;
				CLANG_WARN_DIRECT_OBJC_ISA_USAGE = YES_ERROR;
				CLANG_WARN_DOCUMENTATION_COMMENTS = YES;
				CLANG_WARN_EMPTY_BODY = YES;
				CLANG_WARN_ENUM_CONVERSION = YES;
				CLANG_WARN_INFINITE_RECURSION = YES;
				CLANG_WARN_INT_CONVERSION = YES;
				CLANG_WARN_NON_LITERAL_NULL_CONVERSION = YES;
				CLANG_WARN_OBJC_IMPLICIT_RETAIN_SELF = YES;
				CLANG_WARN_OBJC_LITERAL_CONVERSION = YES;
				CLANG_WARN_OBJC_ROOT_CLASS = YES_ERROR;
				CLANG_WARN_QUOTED_INCLUDE_IN_FRAMEWORK_HEADER = YES;
				CLANG_WARN_RANGE_LOOP_ANALYSIS = YES;
				CLANG_WARN_STRICT_PROTOTYPES = YES;
				CLANG_WARN_SUSPICIOUS_MOVE = YES;
				CLANG_WARN_UNGUARDED_AVAILABILITY = YES_AGGRESSIVE;
				CLANG_WARN_UNREACHABLE_CODE = YES;
				CLANG_WARN__DUPLICATE_METHOD_MATCH = YES;
				COPY_PHASE_STRIP = NO;
				DEBUG_INFORMATION_FORMAT = "dwarf-with-dsym";
				ENABLE_NS_ASSERTIONS = NO;
				ENABLE_STRICT_OBJC_MSGSEND = YES;
				GCC_C_LANGUAGE_STANDARD = gnu11;
				GCC_NO_COMMON_BLOCKS = YES;
				GCC_WARN_64_TO_32_BIT_CONVERSION = YES;
				GCC_WARN_ABOUT_RETURN_TYPE = YES_ERROR;
				GCC_WARN_UNDECLARED_SELECTOR = YES;
				GCC_WARN_UNINITIALIZED_AUTOS = YES_AGGRESSIVE;
				GCC_WARN_UNUSED_FUNCTION = YES;
				GCC_WARN_UNUSED_VARIABLE = YES;
				IPHONEOS_DEPLOYMENT_TARGET = 14.0;
				MTL_ENABLE_DEBUG_INFO = NO;
				MTL_FAST_MATH = YES;
				SDKROOT = iphoneos;
				SWIFT_COMPILATION_MODE = wholemodule;
				SWIFT_OPTIMIZATION_LEVEL = "-O";
				VALIDATE_PRODUCT = YES;
			};
			name = Release;
		};
		7046AA3E2534FAB600119047 /* Debug */ = {
			isa = XCBuildConfiguration;
			buildSettings = {
				ASSETCATALOG_COMPILER_APPICON_NAME = AppIcon;
				ASSETCATALOG_COMPILER_GLOBAL_ACCENT_COLOR_NAME = AccentColor;
				CODE_SIGN_STYLE = Automatic;
				INFOPLIST_FILE = TipCalculator/Resources/Info.plist;
				LD_RUNPATH_SEARCH_PATHS = (
					"$(inherited)",
					"@executable_path/Frameworks",
				);
				PRODUCT_BUNDLE_IDENTIFIER = com.ClarissaVinciguerra.dvmtn.TipCalculator;
				PRODUCT_NAME = "$(TARGET_NAME)";
				SWIFT_VERSION = 5.0;
				TARGETED_DEVICE_FAMILY = "1,2";
			};
			name = Debug;
		};
		7046AA3F2534FAB600119047 /* Release */ = {
			isa = XCBuildConfiguration;
			buildSettings = {
				ASSETCATALOG_COMPILER_APPICON_NAME = AppIcon;
				ASSETCATALOG_COMPILER_GLOBAL_ACCENT_COLOR_NAME = AccentColor;
				CODE_SIGN_STYLE = Automatic;
				INFOPLIST_FILE = TipCalculator/Resources/Info.plist;
				LD_RUNPATH_SEARCH_PATHS = (
					"$(inherited)",
					"@executable_path/Frameworks",
				);
				PRODUCT_BUNDLE_IDENTIFIER = com.ClarissaVinciguerra.dvmtn.TipCalculator;
				PRODUCT_NAME = "$(TARGET_NAME)";
				SWIFT_VERSION = 5.0;
				TARGETED_DEVICE_FAMILY = "1,2";
			};
			name = Release;
		};
/* End XCBuildConfiguration section */

/* Begin XCConfigurationList section */
		7046AA242534FAB400119047 /* Build configuration list for PBXProject "TipCalculator" */ = {
			isa = XCConfigurationList;
			buildConfigurations = (
				7046AA3B2534FAB600119047 /* Debug */,
				7046AA3C2534FAB600119047 /* Release */,
			);
			defaultConfigurationIsVisible = 0;
			defaultConfigurationName = Release;
		};
		7046AA3D2534FAB600119047 /* Build configuration list for PBXNativeTarget "TipCalculator" */ = {
			isa = XCConfigurationList;
			buildConfigurations = (
				7046AA3E2534FAB600119047 /* Debug */,
				7046AA3F2534FAB600119047 /* Release */,
			);
			defaultConfigurationIsVisible = 0;
			defaultConfigurationName = Release;
		};
/* End XCConfigurationList section */
	};
	rootObject = 7046AA212534FAB400119047 /* Project object */;
}
